
Microsoft Visual Studio Solution File, Format Version 12.00
# Visual Studio Version 16
VisualStudioVersion = 16.0.30717.126
MinimumVisualStudioVersion = 10.0.40219.1
Project("{FAE04EC0-301F-11D3-BF4B-00C04F79EFBC}") = "KusTextEditor", "KusTextEditor\KusTextEditor.csproj", "{8ADDE4C0-5C3C-47A4-B594-98CCB3FC0A9B}"
EndProject
Project("{2150E333-8FDC-42A3-9474-1A3956D46DE8}") = "Solution Items", "Solution Items", "{FBEAAED4-CE21-48A8-AD9C-790F6A5728FD}"
	ProjectSection(SolutionItems) = preProject
		README.markdown = README.markdown
	EndProjectSection
EndProject
Project("{2150E333-8FDC-42A3-9474-1A3956D46DE8}") = ".github", ".github", "{4256F5FC-2FF2-492B-A5B1-15C71C60C21F}"
EndProject
Project("{2150E333-8FDC-42A3-9474-1A3956D46DE8}") = "workflows", "workflows", "{64B0A4AA-B175-47E6-8A21-C599BD474130}"
	ProjectSection(SolutionItems) = preProject
		build.yml = build.yml
	EndProjectSection
EndProject
Global
	GlobalSection(SolutionConfigurationPlatforms) = preSolution
		Debug|Any CPU = Debug|Any CPU
		Release|Any CPU = Release|Any CPU
	EndGlobalSection
	GlobalSection(ProjectConfigurationPlatforms) = postSolution
		{8ADDE4C0-5C3C-47A4-B594-98CCB3FC0A9B}.Debug|Any CPU.ActiveCfg = Debug|Any CPU
		{8ADDE4C0-5C3C-47A4-B594-98CCB3FC0A9B}.Debug|Any CPU.Build.0 = Debug|Any CPU
		{8ADDE4C0-5C3C-47A4-B594-98CCB3FC0A9B}.Release|Any CPU.ActiveCfg = Release|Any CPU
		{8ADDE4C0-5C3C-47A4-B594-98CCB3FC0A9B}.Release|Any CPU.Build.0 = Release|Any CPU
	EndGlobalSection
	GlobalSection(SolutionProperties) = preSolution
		HideSolutionNode = FALSE
	EndGlobalSection
	GlobalSection(NestedProjects) = preSolution
		{4256F5FC-2FF2-492B-A5B1-15C71C60C21F} = {FBEAAED4-CE21-48A8-AD9C-790F6A5728FD}
		{64B0A4AA-B175-47E6-8A21-C599BD474130} = {4256F5FC-2FF2-492B-A5B1-15C71C60C21F}
	EndGlobalSection
	GlobalSection(ExtensibilityGlobals) = postSolution
		SolutionGuid = {CDDFBBDD-5C48-4E5E-B298-20088C38CF25}
	EndGlobalSection
EndGlobal
